{
	"name": "create-crx-hmr",
	"version": "1.0.8",
	"lockfileVersion": 3,
	"requires": true,
	"packages": {
		"": {
			"name": "create-crx-hmr",
			"version": "1.0.8",
			"license": "MIT",
			"bin": {
				"create-crx-hmr": "bin/cli.js"
			},
			"devDependencies": {
				"crx-hmr": "^0.1.6"
			}
		},
		"node_modules/crx-hmr": {
			"version": "0.1.6",
			"resolved": "https://registry.npmjs.org/crx-hmr/-/crx-hmr-0.1.6.tgz",
			"integrity": "sha512-72Q7i8oj5e951Au+Zzq1cI4c1TUuAkdmy2TMwhx2XVHWigN9I2Rug/g3vDwta17YPddAqFBEYgfWDsNGd8CVaA==",
			"dev": true,
			"bin": {
				"crx-hmr": "bin/cli.js"
			},
			"engines": {
				"node": ">=16.14"
			}
		}
	}
}
