{
	"name": "create-crx-hmr",
	"version": "1.0.1",
	"lockfileVersion": 3,
	"requires": true,
	"packages": {
		"": {
			"name": "create-crx-hmr",
			"version": "1.0.1",
			"license": "MIT",
			"bin": {
				"create-crx-hmr": "bin/cli.js"
			},
			"devDependencies": {
				"crx-hmr": "^0.0.5"
			}
		},
		"node_modules/crx-hmr": {
			"version": "0.0.5",
			"resolved": "https://registry.npmjs.org/crx-hmr/-/crx-hmr-0.0.5.tgz",
			"integrity": "sha512-lkfsgDlPuVftD1VW+Fh0Vm1dKbP7U0p2jxfgQllXibo0gG3SYluzu0xftq9My47knj4MrIdTVaHPd5tqlffE2Q==",
			"dev": true,
			"bin": {
				"crx-hmr": "bin/cli.js"
			},
			"engines": {
				"node": ">=16.14"
			}
		}
	}
}
